
Microsoft Visual Studio Solution File, Format Version 12.00
# Visual Studio Version 17
VisualStudioVersion = 17.10.35122.118
MinimumVisualStudioVersion = 10.0.40219.1
Project("{FAE04EC0-301F-11D3-BF4B-00C04F79EFBC}") = "_1_MainSubjects", "_1_MainSubjects\_1_MainSubjects.csproj", "{0049AD96-3871-4558-BB7C-BF1B648984A8}"
EndProject
Project("{FAE04EC0-301F-11D3-BF4B-00C04F79EFBC}") = "_2_Variables", "_2_Variables\_2_Variables.csproj", "{4D4B84C7-CC94-41F2-BCEF-F55557C39D52}"
EndProject
Project("{FAE04EC0-301F-11D3-BF4B-00C04F79EFBC}") = "_3_MakingDecision", "_3_MakingDecision\_3_MakingDecision.csproj", "{D28F0218-E8E9-42CD-A006-F0CD2835FE75}"
EndProject
Project("{FAE04EC0-301F-11D3-BF4B-00C04F79EFBC}") = "_4_Loops", "_4_Loops\_4_Loops.csproj", "{DB0EA91F-227F-4AC5-8188-45565BB817C1}"
EndProject
Project("{FAE04EC0-301F-11D3-BF4B-00C04F79EFBC}") = "_5_LoopsWithStars", "_5_LoopsWithStars\_5_LoopsWithStars.csproj", "{1920364E-F698-4B3E-BE18-743686E03E44}"
EndProject
Project("{FAE04EC0-301F-11D3-BF4B-00C04F79EFBC}") = "_6_Arrays", "_5_Arrays\_6_Arrays.csproj", "{94D02C86-AA43-4341-ABDE-DCC655EF88EB}"
EndProject
Project("{FAE04EC0-301F-11D3-BF4B-00C04F79EFBC}") = "_7_ForeachLoop", "_7_ForeachLoop\_7_ForeachLoop.csproj", "{30CFEBA5-A303-45AA-930B-3DAE759661A9}"
EndProject
Project("{FAE04EC0-301F-11D3-BF4B-00C04F79EFBC}") = "_8_Methods", "_8_Methods\_8_Methods.csproj", "{A02C2ABF-C51A-4DF0-B2D1-E04D2F7FAC19}"
EndProject
Project("{FAE04EC0-301F-11D3-BF4B-00C04F79EFBC}") = "_9_DatabaseProject", "_9_DatabaseProject\_9_DatabaseProject.csproj", "{A48E2A1C-0ABE-4005-A79B-E1A40A0D2D2E}"
EndProject
Project("{FAE04EC0-301F-11D3-BF4B-00C04F79EFBC}") = "_10_DatabaseCrud", "_10_DatabaseCrud\_10_DatabaseCrud.csproj", "{38459F99-B592-4F85-A6DD-39377E4C2AA3}"
EndProject
Global
	GlobalSection(SolutionConfigurationPlatforms) = preSolution
		Debug|Any CPU = Debug|Any CPU
		Release|Any CPU = Release|Any CPU
	EndGlobalSection
	GlobalSection(ProjectConfigurationPlatforms) = postSolution
		{0049AD96-3871-4558-BB7C-BF1B648984A8}.Debug|Any CPU.ActiveCfg = Debug|Any CPU
		{0049AD96-3871-4558-BB7C-BF1B648984A8}.Debug|Any CPU.Build.0 = Debug|Any CPU
		{0049AD96-3871-4558-BB7C-BF1B648984A8}.Release|Any CPU.ActiveCfg = Release|Any CPU
		{0049AD96-3871-4558-BB7C-BF1B648984A8}.Release|Any CPU.Build.0 = Release|Any CPU
		{4D4B84C7-CC94-41F2-BCEF-F55557C39D52}.Debug|Any CPU.ActiveCfg = Debug|Any CPU
		{4D4B84C7-CC94-41F2-BCEF-F55557C39D52}.Debug|Any CPU.Build.0 = Debug|Any CPU
		{4D4B84C7-CC94-41F2-BCEF-F55557C39D52}.Release|Any CPU.ActiveCfg = Release|Any CPU
		{4D4B84C7-CC94-41F2-BCEF-F55557C39D52}.Release|Any CPU.Build.0 = Release|Any CPU
		{D28F0218-E8E9-42CD-A006-F0CD2835FE75}.Debug|Any CPU.ActiveCfg = Debug|Any CPU
		{D28F0218-E8E9-42CD-A006-F0CD2835FE75}.Debug|Any CPU.Build.0 = Debug|Any CPU
		{D28F0218-E8E9-42CD-A006-F0CD2835FE75}.Release|Any CPU.ActiveCfg = Release|Any CPU
		{D28F0218-E8E9-42CD-A006-F0CD2835FE75}.Release|Any CPU.Build.0 = Release|Any CPU
		{DB0EA91F-227F-4AC5-8188-45565BB817C1}.Debug|Any CPU.ActiveCfg = Debug|Any CPU
		{DB0EA91F-227F-4AC5-8188-45565BB817C1}.Debug|Any CPU.Build.0 = Debug|Any CPU
		{DB0EA91F-227F-4AC5-8188-45565BB817C1}.Release|Any CPU.ActiveCfg = Release|Any CPU
		{DB0EA91F-227F-4AC5-8188-45565BB817C1}.Release|Any CPU.Build.0 = Release|Any CPU
		{1920364E-F698-4B3E-BE18-743686E03E44}.Debug|Any CPU.ActiveCfg = Debug|Any CPU
		{1920364E-F698-4B3E-BE18-743686E03E44}.Debug|Any CPU.Build.0 = Debug|Any CPU
		{1920364E-F698-4B3E-BE18-743686E03E44}.Release|Any CPU.ActiveCfg = Release|Any CPU
		{1920364E-F698-4B3E-BE18-743686E03E44}.Release|Any CPU.Build.0 = Release|Any CPU
		{94D02C86-AA43-4341-ABDE-DCC655EF88EB}.Debug|Any CPU.ActiveCfg = Debug|Any CPU
		{94D02C86-AA43-4341-ABDE-DCC655EF88EB}.Debug|Any CPU.Build.0 = Debug|Any CPU
		{94D02C86-AA43-4341-ABDE-DCC655EF88EB}.Release|Any CPU.ActiveCfg = Release|Any CPU
		{94D02C86-AA43-4341-ABDE-DCC655EF88EB}.Release|Any CPU.Build.0 = Release|Any CPU
		{30CFEBA5-A303-45AA-930B-3DAE759661A9}.Debug|Any CPU.ActiveCfg = Debug|Any CPU
		{30CFEBA5-A303-45AA-930B-3DAE759661A9}.Debug|Any CPU.Build.0 = Debug|Any CPU
		{30CFEBA5-A303-45AA-930B-3DAE759661A9}.Release|Any CPU.ActiveCfg = Release|Any CPU
		{30CFEBA5-A303-45AA-930B-3DAE759661A9}.Release|Any CPU.Build.0 = Release|Any CPU
		{A02C2ABF-C51A-4DF0-B2D1-E04D2F7FAC19}.Debug|Any CPU.ActiveCfg = Debug|Any CPU
		{A02C2ABF-C51A-4DF0-B2D1-E04D2F7FAC19}.Debug|Any CPU.Build.0 = Debug|Any CPU
		{A02C2ABF-C51A-4DF0-B2D1-E04D2F7FAC19}.Release|Any CPU.ActiveCfg = Release|Any CPU
		{A02C2ABF-C51A-4DF0-B2D1-E04D2F7FAC19}.Release|Any CPU.Build.0 = Release|Any CPU
		{A48E2A1C-0ABE-4005-A79B-E1A40A0D2D2E}.Debug|Any CPU.ActiveCfg = Debug|Any CPU
		{A48E2A1C-0ABE-4005-A79B-E1A40A0D2D2E}.Debug|Any CPU.Build.0 = Debug|Any CPU
		{A48E2A1C-0ABE-4005-A79B-E1A40A0D2D2E}.Release|Any CPU.ActiveCfg = Release|Any CPU
		{A48E2A1C-0ABE-4005-A79B-E1A40A0D2D2E}.Release|Any CPU.Build.0 = Release|Any CPU
		{38459F99-B592-4F85-A6DD-39377E4C2AA3}.Debug|Any CPU.ActiveCfg = Debug|Any CPU
		{38459F99-B592-4F85-A6DD-39377E4C2AA3}.Debug|Any CPU.Build.0 = Debug|Any CPU
		{38459F99-B592-4F85-A6DD-39377E4C2AA3}.Release|Any CPU.ActiveCfg = Release|Any CPU
		{38459F99-B592-4F85-A6DD-39377E4C2AA3}.Release|Any CPU.Build.0 = Release|Any CPU
	EndGlobalSection
	GlobalSection(SolutionProperties) = preSolution
		HideSolutionNode = FALSE
	EndGlobalSection
	GlobalSection(ExtensibilityGlobals) = postSolution
		SolutionGuid = {67EDF964-C7E1-4A2B-9BF6-70BB38F13C20}
	EndGlobalSection
EndGlobal
